
Microsoft Visual Studio Solution File, Format Version 12.00
# Visual Studio 15
VisualStudioVersion = 15.0.26124.0
MinimumVisualStudioVersion = 15.0.26124.0
Project("{FAE04EC0-301F-11D3-BF4B-00C04F79EFBC}") = "MediatorSimples", "MediatorSimples\MediatorSimples.csproj", "{1EB2E359-B1BE-44E2-8F10-64336D1216EE}"
EndProject
Project("{FAE04EC0-301F-11D3-BF4B-00C04F79EFBC}") = "MediatorSimplesTests", "MediatorSimplesTests\MediatorSimplesTests.csproj", "{68A680EB-0AA6-4F00-8F88-2762DA9FAC45}"
EndProject
Global
	GlobalSection(SolutionConfigurationPlatforms) = preSolution
		Debug|Any CPU = Debug|Any CPU
		Debug|x64 = Debug|x64
		Debug|x86 = Debug|x86
		Release|Any CPU = Release|Any CPU
		Release|x64 = Release|x64
		Release|x86 = Release|x86
	EndGlobalSection
	GlobalSection(SolutionProperties) = preSolution
		HideSolutionNode = FALSE
	EndGlobalSection
	GlobalSection(ProjectConfigurationPlatforms) = postSolution
		{1EB2E359-B1BE-44E2-8F10-64336D1216EE}.Debug|Any CPU.ActiveCfg = Debug|Any CPU
		{1EB2E359-B1BE-44E2-8F10-64336D1216EE}.Debug|Any CPU.Build.0 = Debug|Any CPU
		{1EB2E359-B1BE-44E2-8F10-64336D1216EE}.Debug|x64.ActiveCfg = Debug|Any CPU
		{1EB2E359-B1BE-44E2-8F10-64336D1216EE}.Debug|x64.Build.0 = Debug|Any CPU
		{1EB2E359-B1BE-44E2-8F10-64336D1216EE}.Debug|x86.ActiveCfg = Debug|Any CPU
		{1EB2E359-B1BE-44E2-8F10-64336D1216EE}.Debug|x86.Build.0 = Debug|Any CPU
		{1EB2E359-B1BE-44E2-8F10-64336D1216EE}.Release|Any CPU.ActiveCfg = Release|Any CPU
		{1EB2E359-B1BE-44E2-8F10-64336D1216EE}.Release|Any CPU.Build.0 = Release|Any CPU
		{1EB2E359-B1BE-44E2-8F10-64336D1216EE}.Release|x64.ActiveCfg = Release|Any CPU
		{1EB2E359-B1BE-44E2-8F10-64336D1216EE}.Release|x64.Build.0 = Release|Any CPU
		{1EB2E359-B1BE-44E2-8F10-64336D1216EE}.Release|x86.ActiveCfg = Release|Any CPU
		{1EB2E359-B1BE-44E2-8F10-64336D1216EE}.Release|x86.Build.0 = Release|Any CPU
		{68A680EB-0AA6-4F00-8F88-2762DA9FAC45}.Debug|Any CPU.ActiveCfg = Debug|Any CPU
		{68A680EB-0AA6-4F00-8F88-2762DA9FAC45}.Debug|Any CPU.Build.0 = Debug|Any CPU
		{68A680EB-0AA6-4F00-8F88-2762DA9FAC45}.Debug|x64.ActiveCfg = Debug|Any CPU
		{68A680EB-0AA6-4F00-8F88-2762DA9FAC45}.Debug|x64.Build.0 = Debug|Any CPU
		{68A680EB-0AA6-4F00-8F88-2762DA9FAC45}.Debug|x86.ActiveCfg = Debug|Any CPU
		{68A680EB-0AA6-4F00-8F88-2762DA9FAC45}.Debug|x86.Build.0 = Debug|Any CPU
		{68A680EB-0AA6-4F00-8F88-2762DA9FAC45}.Release|Any CPU.ActiveCfg = Release|Any CPU
		{68A680EB-0AA6-4F00-8F88-2762DA9FAC45}.Release|Any CPU.Build.0 = Release|Any CPU
		{68A680EB-0AA6-4F00-8F88-2762DA9FAC45}.Release|x64.ActiveCfg = Release|Any CPU
		{68A680EB-0AA6-4F00-8F88-2762DA9FAC45}.Release|x64.Build.0 = Release|Any CPU
		{68A680EB-0AA6-4F00-8F88-2762DA9FAC45}.Release|x86.ActiveCfg = Release|Any CPU
		{68A680EB-0AA6-4F00-8F88-2762DA9FAC45}.Release|x86.Build.0 = Release|Any CPU
	EndGlobalSection
EndGlobal
